{
  "lockfileVersion": 1,
  "configVersion": 1,
  "workspaces": {
    "": {
      "name": "gdg-campus-csmu",
      "dependencies": {
        "appwrite": "^16.0.2",
        "dotenv": "^16.4.5",
      },
    },
  },
  "packages": {
    "appwrite": ["appwrite@16.1.0", "", {}, "sha512-fFkhpOjxvobKKWdgvG3fcsYt93QEk0VJ86q7ALD53eWAFiFmpklNXeE4rpXqdmtWpin4VuyWhkmH1aOF/QxvsA=="],

    "dotenv": ["dotenv@16.6.1", "", {}, "sha512-uBq4egWHTcTt33a72vpSG0z3HnPuIl6NqYcTrKEg2azoEyl2hpW0zqlxysq2pK9HlDIHyHyakeYaYnSAwd8bow=="],
  }
}
